
Microsoft Visual Studio Solution File, Format Version 12.00
# Visual Studio 15
VisualStudioVersion = 15.0.28307.438
MinimumVisualStudioVersion = 10.0.40219.1
Project("{FAE04EC0-301F-11D3-BF4B-00C04F79EFBC}") = "Recursos_Humanos_P3", "Recursos_Humanos_P3\Recursos_Humanos_P3.csproj", "{ED2601F2-4BD3-4357-B9B3-81EA0AD0FACD}"
EndProject
Global
	GlobalSection(SolutionConfigurationPlatforms) = preSolution
		Debug|Any CPU = Debug|Any CPU
		Release|Any CPU = Release|Any CPU
	EndGlobalSection
	GlobalSection(ProjectConfigurationPlatforms) = postSolution
		{ED2601F2-4BD3-4357-B9B3-81EA0AD0FACD}.Debug|Any CPU.ActiveCfg = Debug|Any CPU
		{ED2601F2-4BD3-4357-B9B3-81EA0AD0FACD}.Debug|Any CPU.Build.0 = Debug|Any CPU
		{ED2601F2-4BD3-4357-B9B3-81EA0AD0FACD}.Release|Any CPU.ActiveCfg = Release|Any CPU
		{ED2601F2-4BD3-4357-B9B3-81EA0AD0FACD}.Release|Any CPU.Build.0 = Release|Any CPU
	EndGlobalSection
	GlobalSection(SolutionProperties) = preSolution
		HideSolutionNode = FALSE
	EndGlobalSection
	GlobalSection(ExtensibilityGlobals) = postSolution
		SolutionGuid = {5F00929A-C27C-4062-97DF-A2A2DA23A681}
	EndGlobalSection
EndGlobal
